
Microsoft Visual Studio Solution File, Format Version 11.00
# Visual Studio 2010
Project("{FAE04EC0-301F-11D3-BF4B-00C04F79EFBC}") = "Assembly-CSharp", "Assembly-CSharp.csproj", "{B54453FA-80E2-1248-B4AF-280E0FAB0396}"
EndProject
Project("{FAE04EC0-301F-11D3-BF4B-00C04F79EFBC}") = "Assembly-CSharp-firstpass", "Assembly-CSharp-firstpass.csproj", "{04CEC54C-A5EF-BC40-296E-A40350429BBD}"
EndProject
Project("{FAE04EC0-301F-11D3-BF4B-00C04F79EFBC}") = "Assembly-CSharp-Editor-firstpass", "Assembly-CSharp-Editor-firstpass.csproj", "{260168BE-9DF7-C08F-17ED-FD704C74D565}"
EndProject
Project("{FAE04EC0-301F-11D3-BF4B-00C04F79EFBC}") = "Assembly-CSharp-Editor", "Assembly-CSharp-Editor.csproj", "{681E2A2E-1472-901A-CE55-DD6DE3A71E81}"
EndProject
Global
	GlobalSection(SolutionConfigurationPlatforms) = preSolution
		Debug|Any CPU = Debug|Any CPU
		Release|Any CPU = Release|Any CPU
	EndGlobalSection
	GlobalSection(ProjectConfigurationPlatforms) = postSolution
		{B54453FA-80E2-1248-B4AF-280E0FAB0396}.Debug|Any CPU.ActiveCfg = Debug|Any CPU
		{B54453FA-80E2-1248-B4AF-280E0FAB0396}.Debug|Any CPU.Build.0 = Debug|Any CPU
		{B54453FA-80E2-1248-B4AF-280E0FAB0396}.Release|Any CPU.ActiveCfg = Release|Any CPU
		{B54453FA-80E2-1248-B4AF-280E0FAB0396}.Release|Any CPU.Build.0 = Release|Any CPU
		{04CEC54C-A5EF-BC40-296E-A40350429BBD}.Debug|Any CPU.ActiveCfg = Debug|Any CPU
		{04CEC54C-A5EF-BC40-296E-A40350429BBD}.Debug|Any CPU.Build.0 = Debug|Any CPU
		{04CEC54C-A5EF-BC40-296E-A40350429BBD}.Release|Any CPU.ActiveCfg = Release|Any CPU
		{04CEC54C-A5EF-BC40-296E-A40350429BBD}.Release|Any CPU.Build.0 = Release|Any CPU
		{260168BE-9DF7-C08F-17ED-FD704C74D565}.Debug|Any CPU.ActiveCfg = Debug|Any CPU
		{260168BE-9DF7-C08F-17ED-FD704C74D565}.Debug|Any CPU.Build.0 = Debug|Any CPU
		{260168BE-9DF7-C08F-17ED-FD704C74D565}.Release|Any CPU.ActiveCfg = Release|Any CPU
		{260168BE-9DF7-C08F-17ED-FD704C74D565}.Release|Any CPU.Build.0 = Release|Any CPU
		{681E2A2E-1472-901A-CE55-DD6DE3A71E81}.Debug|Any CPU.ActiveCfg = Debug|Any CPU
		{681E2A2E-1472-901A-CE55-DD6DE3A71E81}.Debug|Any CPU.Build.0 = Debug|Any CPU
		{681E2A2E-1472-901A-CE55-DD6DE3A71E81}.Release|Any CPU.ActiveCfg = Release|Any CPU
		{681E2A2E-1472-901A-CE55-DD6DE3A71E81}.Release|Any CPU.Build.0 = Release|Any CPU
	EndGlobalSection
	GlobalSection(SolutionProperties) = preSolution
		HideSolutionNode = FALSE
	EndGlobalSection
EndGlobal
